
Microsoft Visual Studio Solution File, Format Version 12.00
# Visual Studio Version 17
VisualStudioVersion = 17.11.35431.28
MinimumVisualStudioVersion = 10.0.40219.1
Project("{FAE04EC0-301F-11D3-BF4B-00C04F79EFBC}") = "m1w2s7.azureServiceBus", "m1w2s7.azureServiceBus\m1w2s7.azureServiceBus.csproj", "{DD59CCB6-08FB-4F9D-8855-C399F85A5413}"
EndProject
Global
	GlobalSection(SolutionConfigurationPlatforms) = preSolution
		Debug|Any CPU = Debug|Any CPU
		Release|Any CPU = Release|Any CPU
	EndGlobalSection
	GlobalSection(ProjectConfigurationPlatforms) = postSolution
		{DD59CCB6-08FB-4F9D-8855-C399F85A5413}.Debug|Any CPU.ActiveCfg = Debug|Any CPU
		{DD59CCB6-08FB-4F9D-8855-C399F85A5413}.Debug|Any CPU.Build.0 = Debug|Any CPU
		{DD59CCB6-08FB-4F9D-8855-C399F85A5413}.Release|Any CPU.ActiveCfg = Release|Any CPU
		{DD59CCB6-08FB-4F9D-8855-C399F85A5413}.Release|Any CPU.Build.0 = Release|Any CPU
	EndGlobalSection
	GlobalSection(SolutionProperties) = preSolution
		HideSolutionNode = FALSE
	EndGlobalSection
	GlobalSection(ExtensibilityGlobals) = postSolution
		SolutionGuid = {4C75F26D-1367-477D-AFC1-EFF97D802206}
	EndGlobalSection
EndGlobal
