
Microsoft Visual Studio Solution File, Format Version 12.00
# Visual Studio Version 17
VisualStudioVersion = 17.11.35431.28
MinimumVisualStudioVersion = 10.0.40219.1
Project("{9A19103F-16F7-4668-BE54-9A1E7A4F7556}") = "M3.Desafio", "M3.Desafio\M3.Desafio.csproj", "{AC1F611F-0903-4717-A244-BB7526F86F84}"
EndProject
Project("{2150E333-8FDC-42A3-9474-1A3956D46DE8}") = "Deploys", "Deploys", "{F5041DF2-E898-4051-9780-32A5CC164887}"
EndProject
Project("{9A19103F-16F7-4668-BE54-9A1E7A4F7556}") = "M3.Desafio.Financeiro.BrokerConsumer", "M3.Desafio.Financeiro.BrokerConsumer\M3.Desafio.Financeiro.BrokerConsumer.csproj", "{025604F9-4A5A-4101-B024-549CC4BAB677}"
EndProject
Project("{9A19103F-16F7-4668-BE54-9A1E7A4F7556}") = "M3.Desafio.Acesso.BrokerConsumer", "M3.Desafio.Acesso.BrokerConsumer\M3.Desafio.Acesso.BrokerConsumer.csproj", "{BFF4E09B-3348-43BD-86F7-75D238DD3093}"
EndProject
Project("{9A19103F-16F7-4668-BE54-9A1E7A4F7556}") = "M3.Desafio.Inscricoes.API", "M3.Desafio.Inscricoes.API\M3.Desafio.Inscricoes.API.csproj", "{AE7EAB95-953B-473A-9196-A5C377613F3B}"
EndProject
Global
	GlobalSection(SolutionConfigurationPlatforms) = preSolution
		Debug|Any CPU = Debug|Any CPU
		Release|Any CPU = Release|Any CPU
	EndGlobalSection
	GlobalSection(ProjectConfigurationPlatforms) = postSolution
		{AC1F611F-0903-4717-A244-BB7526F86F84}.Debug|Any CPU.ActiveCfg = Debug|Any CPU
		{AC1F611F-0903-4717-A244-BB7526F86F84}.Debug|Any CPU.Build.0 = Debug|Any CPU
		{AC1F611F-0903-4717-A244-BB7526F86F84}.Release|Any CPU.ActiveCfg = Release|Any CPU
		{AC1F611F-0903-4717-A244-BB7526F86F84}.Release|Any CPU.Build.0 = Release|Any CPU
		{025604F9-4A5A-4101-B024-549CC4BAB677}.Debug|Any CPU.ActiveCfg = Debug|Any CPU
		{025604F9-4A5A-4101-B024-549CC4BAB677}.Debug|Any CPU.Build.0 = Debug|Any CPU
		{025604F9-4A5A-4101-B024-549CC4BAB677}.Release|Any CPU.ActiveCfg = Release|Any CPU
		{025604F9-4A5A-4101-B024-549CC4BAB677}.Release|Any CPU.Build.0 = Release|Any CPU
		{BFF4E09B-3348-43BD-86F7-75D238DD3093}.Debug|Any CPU.ActiveCfg = Debug|Any CPU
		{BFF4E09B-3348-43BD-86F7-75D238DD3093}.Debug|Any CPU.Build.0 = Debug|Any CPU
		{BFF4E09B-3348-43BD-86F7-75D238DD3093}.Release|Any CPU.ActiveCfg = Release|Any CPU
		{BFF4E09B-3348-43BD-86F7-75D238DD3093}.Release|Any CPU.Build.0 = Release|Any CPU
		{AE7EAB95-953B-473A-9196-A5C377613F3B}.Debug|Any CPU.ActiveCfg = Debug|Any CPU
		{AE7EAB95-953B-473A-9196-A5C377613F3B}.Debug|Any CPU.Build.0 = Debug|Any CPU
		{AE7EAB95-953B-473A-9196-A5C377613F3B}.Release|Any CPU.ActiveCfg = Release|Any CPU
		{AE7EAB95-953B-473A-9196-A5C377613F3B}.Release|Any CPU.Build.0 = Release|Any CPU
	EndGlobalSection
	GlobalSection(SolutionProperties) = preSolution
		HideSolutionNode = FALSE
	EndGlobalSection
	GlobalSection(NestedProjects) = preSolution
		{025604F9-4A5A-4101-B024-549CC4BAB677} = {F5041DF2-E898-4051-9780-32A5CC164887}
		{BFF4E09B-3348-43BD-86F7-75D238DD3093} = {F5041DF2-E898-4051-9780-32A5CC164887}
		{AE7EAB95-953B-473A-9196-A5C377613F3B} = {F5041DF2-E898-4051-9780-32A5CC164887}
	EndGlobalSection
	GlobalSection(ExtensibilityGlobals) = postSolution
		SolutionGuid = {0C7E9897-15DF-4F82-8890-93CFBBD22729}
	EndGlobalSection
EndGlobal
