
Microsoft Visual Studio Solution File, Format Version 12.00
Project("{FAE04EC0-301F-11D3-BF4B-00C04F79EFBC}") = "m1w2s4.amqp", "m1w2s4.amqp\m1w2s4.amqp.csproj", "{423367E9-7C45-4D3C-9437-21F6717099ED}"
EndProject
Global
	GlobalSection(SolutionConfigurationPlatforms) = preSolution
		Debug|Any CPU = Debug|Any CPU
		Release|Any CPU = Release|Any CPU
	EndGlobalSection
	GlobalSection(ProjectConfigurationPlatforms) = postSolution
		{423367E9-7C45-4D3C-9437-21F6717099ED}.Debug|Any CPU.ActiveCfg = Debug|Any CPU
		{423367E9-7C45-4D3C-9437-21F6717099ED}.Debug|Any CPU.Build.0 = Debug|Any CPU
		{423367E9-7C45-4D3C-9437-21F6717099ED}.Release|Any CPU.ActiveCfg = Release|Any CPU
		{423367E9-7C45-4D3C-9437-21F6717099ED}.Release|Any CPU.Build.0 = Release|Any CPU
	EndGlobalSection
EndGlobal
